
Microsoft Visual Studio Solution File, Format Version 12.00
# Visual Studio Version 17
VisualStudioVersion = 17.8.34601.278
MinimumVisualStudioVersion = 10.0.40219.1
Project("{FAE04EC0-301F-11D3-BF4B-00C04F79EFBC}") = "Mission6_Hunsaker", "Mission6_Hunsaker\Mission6_Hunsaker.csproj", "{1C5AE09D-844F-452F-98F0-CDF9AE71234D}"
EndProject
Global
	GlobalSection(SolutionConfigurationPlatforms) = preSolution
		Debug|Any CPU = Debug|Any CPU
		Release|Any CPU = Release|Any CPU
	EndGlobalSection
	GlobalSection(ProjectConfigurationPlatforms) = postSolution
		{1C5AE09D-844F-452F-98F0-CDF9AE71234D}.Debug|Any CPU.ActiveCfg = Debug|Any CPU
		{1C5AE09D-844F-452F-98F0-CDF9AE71234D}.Debug|Any CPU.Build.0 = Debug|Any CPU
		{1C5AE09D-844F-452F-98F0-CDF9AE71234D}.Release|Any CPU.ActiveCfg = Release|Any CPU
		{1C5AE09D-844F-452F-98F0-CDF9AE71234D}.Release|Any CPU.Build.0 = Release|Any CPU
	EndGlobalSection
	GlobalSection(SolutionProperties) = preSolution
		HideSolutionNode = FALSE
	EndGlobalSection
	GlobalSection(ExtensibilityGlobals) = postSolution
		SolutionGuid = {4EDA1C57-D35B-42B1-8F29-6E5AA93AAD1F}
	EndGlobalSection
EndGlobal
